
Microsoft Visual Studio Solution File, Format Version 12.00
# Visual Studio 14
VisualStudioVersion = 14.0.25420.1
MinimumVisualStudioVersion = 10.0.40219.1
Project("{FAE04EC0-301F-11D3-BF4B-00C04F79EFBC}") = "BVGConnector", "BVGConnector\BVGConnector.csproj", "{B87E5274-3A12-403A-9FD0-94A85D9B40D2}"
EndProject
Project("{FAE04EC0-301F-11D3-BF4B-00C04F79EFBC}") = "BVGTestConsole", "BVGTestConsole\BVGTestConsole.csproj", "{A11FD24E-4B13-467C-A35E-0A114F0BC966}"
EndProject
Project("{FAE04EC0-301F-11D3-BF4B-00C04F79EFBC}") = "BVGUnitTest", "BVGUnitTest\BVGUnitTest.csproj", "{912428B7-8606-468D-A542-D9FCFDA78977}"
EndProject
Global
	GlobalSection(SolutionConfigurationPlatforms) = preSolution
		Debug|Any CPU = Debug|Any CPU
		Release|Any CPU = Release|Any CPU
	EndGlobalSection
	GlobalSection(ProjectConfigurationPlatforms) = postSolution
		{B87E5274-3A12-403A-9FD0-94A85D9B40D2}.Debug|Any CPU.ActiveCfg = Debug|Any CPU
		{B87E5274-3A12-403A-9FD0-94A85D9B40D2}.Debug|Any CPU.Build.0 = Debug|Any CPU
		{B87E5274-3A12-403A-9FD0-94A85D9B40D2}.Release|Any CPU.ActiveCfg = Release|Any CPU
		{B87E5274-3A12-403A-9FD0-94A85D9B40D2}.Release|Any CPU.Build.0 = Release|Any CPU
		{A11FD24E-4B13-467C-A35E-0A114F0BC966}.Debug|Any CPU.ActiveCfg = Debug|Any CPU
		{A11FD24E-4B13-467C-A35E-0A114F0BC966}.Debug|Any CPU.Build.0 = Debug|Any CPU
		{A11FD24E-4B13-467C-A35E-0A114F0BC966}.Release|Any CPU.ActiveCfg = Release|Any CPU
		{A11FD24E-4B13-467C-A35E-0A114F0BC966}.Release|Any CPU.Build.0 = Release|Any CPU
		{912428B7-8606-468D-A542-D9FCFDA78977}.Debug|Any CPU.ActiveCfg = Debug|Any CPU
		{912428B7-8606-468D-A542-D9FCFDA78977}.Debug|Any CPU.Build.0 = Debug|Any CPU
		{912428B7-8606-468D-A542-D9FCFDA78977}.Release|Any CPU.ActiveCfg = Release|Any CPU
		{912428B7-8606-468D-A542-D9FCFDA78977}.Release|Any CPU.Build.0 = Release|Any CPU
	EndGlobalSection
	GlobalSection(SolutionProperties) = preSolution
		HideSolutionNode = FALSE
	EndGlobalSection
EndGlobal
